{
  "version": 4,
  "terraform_version": "1.9.3",
  "serial": 35,
  "lineage": "f91961c3-a6b1-26b4-d3f0-30ec66835384",
  "outputs": {},
  "resources": [
    {
      "mode": "managed",
      "type": "aws_cloudwatch_event_rule",
      "name": "to_tl",
      "provider": "provider[\"registry.terraform.io/hashicorp/aws\"]",
      "instances": [
        {
          "schema_version": 1,
          "attributes": {
            "arn": "arn:aws:events:eu-west-2:129033205317:rule/c12-energy_consumption",
            "description": "",
            "event_bus_name": "default",
            "event_pattern": "{\"detail\":{\"bucket\":{\"name\":[\"c12-energy-tracker\"]}},\"detail-type\":[\"Object Created\"],\"source\":[\"aws.s3\"]}",
            "force_destroy": true,
            "id": "c12-energy_consumption",
            "is_enabled": true,
            "name": "c12-energy_consumption",
            "name_prefix": "",
            "role_arn": "",
            "schedule_expression": "",
            "state": "ENABLED",
            "tags": {},
            "tags_all": {}
          },
          "sensitive_attributes": [],
          "private": "eyJzY2hlbWFfdmVyc2lvbiI6IjEifQ==",
          "dependencies": [
            "aws_s3_bucket.extract"
          ]
        }
      ]
    },
    {
      "mode": "managed",
      "type": "aws_cloudwatch_event_target",
      "name": "trigger-pipeline",
      "provider": "provider[\"registry.terraform.io/hashicorp/aws\"]",
      "instances": [
        {
          "schema_version": 1,
          "attributes": {
            "arn": "arn:aws:ecs:eu-west-2:129033205317:cluster/c12-ecs-cluster",
            "batch_target": [],
            "dead_letter_config": [],
            "ecs_target": [
              {
                "capacity_provider_strategy": [],
                "enable_ecs_managed_tags": false,
                "enable_execute_command": false,
                "group": "",
                "launch_type": "FARGATE",
                "network_configuration": [
                  {
                    "assign_public_ip": true,
                    "security_groups": [],
                    "subnets": [
                      "subnet-058f02e41ee6a5439",
                      "subnet-0c459ebb007081668",
                      "subnet-0ff947058bbc1165d"
                    ]
                  }
                ],
                "ordered_placement_strategy": [],
                "placement_constraint": [],
                "platform_version": "",
                "propagate_tags": "",
                "tags": {},
                "task_count": 1,
                "task_definition_arn": "arn:aws:ecs:eu-west-2:129033205317:task-definition/c12-energy-pipeline:1"
              }
            ],
            "event_bus_name": "default",
            "force_destroy": true,
            "http_target": [],
            "id": "c12-energy_consumption-terraform-20240812162922725900000001",
            "input": "",
            "input_path": "",
            "input_transformer": [],
            "kinesis_target": [],
            "redshift_target": [],
            "retry_policy": [],
            "role_arn": "arn:aws:iam::129033205317:role/service-role/Amazon_EventBridge_Invoke_ECS_314452386",
            "rule": "c12-energy_consumption",
            "run_command_targets": [],
            "sagemaker_pipeline_target": [],
            "sqs_target": [],
            "target_id": "terraform-20240812162922725900000001"
          },
          "sensitive_attributes": [],
          "private": "eyJzY2hlbWFfdmVyc2lvbiI6IjEifQ==",
          "dependencies": [
            "aws_cloudwatch_event_rule.to_tl",
            "aws_ecs_task_definition.energy-pipeline",
            "aws_s3_bucket.extract"
          ]
        }
      ]
    },
    {
      "mode": "managed",
      "type": "aws_ecs_task_definition",
      "name": "energy-pipeline",
      "provider": "provider[\"registry.terraform.io/hashicorp/aws\"]",
      "instances": [
        {
          "schema_version": 1,
          "attributes": {
            "arn": "arn:aws:ecs:eu-west-2:129033205317:task-definition/c12-energy-pipeline:1",
            "arn_without_revision": "arn:aws:ecs:eu-west-2:129033205317:task-definition/c12-energy-pipeline",
            "container_definitions": "[{\"cpu\":0,\"environment\":[{\"name\":\"ACCESS_KEY\",\"value\":\"T8PQySFz99vHN5ymoJXLdSU77NQCBZkuatqDgVbS\"},{\"name\":\"SECRET_KEY\",\"value\":\"T8PQySFz99vHN5ymoJXLdSU77NQCBZkuatqDgVbS\"}],\"essential\":true,\"image\":\"129033205317.dkr.ecr.eu-west-2.amazonaws.com/c12-energy-pipeline:latest\",\"logConfiguration\":{\"logDriver\":\"awslogs\",\"options\":{\"awslogs-create-group\":\"true\",\"awslogs-group\":\"/ecs/c12-energy-tracker\",\"awslogs-region\":\"eu-west-2\",\"awslogs-stream-prefix\":\"ecs\"}},\"mountPoints\":[],\"name\":\"c12-energy-tracker\",\"portMappings\":[],\"systemControls\":[],\"volumesFrom\":[]}]",
            "cpu": "1024",
            "ephemeral_storage": [],
            "execution_role_arn": "arn:aws:iam::129033205317:role/ecsTaskExecutionRole",
            "family": "c12-energy-pipeline",
            "id": "c12-energy-pipeline",
            "inference_accelerator": [],
            "ipc_mode": "",
            "memory": "6144",
            "network_mode": "awsvpc",
            "pid_mode": "",
            "placement_constraints": [],
            "proxy_configuration": [],
            "requires_compatibilities": [
              "FARGATE"
            ],
            "revision": 1,
            "runtime_platform": [
              {
                "cpu_architecture": "X86_64",
                "operating_system_family": "LINUX"
              }
            ],
            "skip_destroy": false,
            "tags": {},
            "tags_all": {},
            "task_role_arn": "arn:aws:iam::129033205317:role/ecsTaskExecutionRole",
            "track_latest": false,
            "volume": []
          },
          "sensitive_attributes": [],
          "private": "eyJzY2hlbWFfdmVyc2lvbiI6IjEifQ=="
        }
      ]
    },
    {
      "mode": "managed",
      "type": "aws_s3_bucket",
      "name": "extract",
      "provider": "provider[\"registry.terraform.io/hashicorp/aws\"]",
      "instances": [
        {
          "schema_version": 0,
          "attributes": {
            "acceleration_status": "",
            "acl": null,
            "arn": "arn:aws:s3:::c12-energy-tracker",
            "bucket": "c12-energy-tracker",
            "bucket_domain_name": "c12-energy-tracker.s3.amazonaws.com",
            "bucket_prefix": "",
            "bucket_regional_domain_name": "c12-energy-tracker.s3.eu-west-2.amazonaws.com",
            "cors_rule": [],
            "force_destroy": true,
            "grant": [
              {
                "id": "c3c9c6dec6716abc6b40931d6645cb2bca0ce3be2559f1a49e02d41b6f8cda90",
                "permissions": [
                  "FULL_CONTROL"
                ],
                "type": "CanonicalUser",
                "uri": ""
              }
            ],
            "hosted_zone_id": "Z3GKZC51ZF0DB4",
            "id": "c12-energy-tracker",
            "lifecycle_rule": [],
            "logging": [],
            "object_lock_configuration": [],
            "object_lock_enabled": false,
            "policy": "",
            "region": "eu-west-2",
            "replication_configuration": [],
            "request_payer": "BucketOwner",
            "server_side_encryption_configuration": [
              {
                "rule": [
                  {
                    "apply_server_side_encryption_by_default": [
                      {
                        "kms_master_key_id": "",
                        "sse_algorithm": "AES256"
                      }
                    ],
                    "bucket_key_enabled": false
                  }
                ]
              }
            ],
            "tags": {},
            "tags_all": {},
            "timeouts": null,
            "versioning": [
              {
                "enabled": false,
                "mfa_delete": false
              }
            ],
            "website": [],
            "website_domain": null,
            "website_endpoint": null
          },
          "sensitive_attributes": [],
          "private": "eyJlMmJmYjczMC1lY2FhLTExZTYtOGY4OC0zNDM2M2JjN2M0YzAiOnsiY3JlYXRlIjoxMjAwMDAwMDAwMDAwLCJkZWxldGUiOjM2MDAwMDAwMDAwMDAsInJlYWQiOjEyMDAwMDAwMDAwMDAsInVwZGF0ZSI6MTIwMDAwMDAwMDAwMH19"
        }
      ]
    },
    {
      "mode": "managed",
      "type": "aws_s3_bucket_notification",
      "name": "trigger",
      "provider": "provider[\"registry.terraform.io/hashicorp/aws\"]",
      "instances": [
        {
          "schema_version": 0,
          "attributes": {
            "bucket": "c12-energy-tracker",
            "eventbridge": true,
            "id": "c12-energy-tracker",
            "lambda_function": [],
            "queue": [],
            "topic": []
          },
          "sensitive_attributes": [],
          "private": "bnVsbA==",
          "dependencies": [
            "aws_s3_bucket.extract"
          ]
        }
      ]
    }
  ],
  "check_results": null
}
